{
  "name": "buttercup-desktop",
  "version": "0.22.0",
  "lockfileVersion": 1,
  "requires": true,
  "dependencies": {
    "assert-plus": {
      "version": "1.0.0",
      "resolved": "https://registry.npmjs.org/assert-plus/-/assert-plus-1.0.0.tgz",
      "integrity": "sha1-8S4PPF13sLHN2RRpQuTpbB5N1SU="
    },
    "async": {
      "version": "1.5.2",
      "resolved": "https://registry.npmjs.org/async/-/async-1.5.2.tgz",
      "integrity": "sha1-7GphrlZIDAw8skHJVhjiCJL5Zyo="
    },
    "brototype": {
      "version": "0.0.5",
      "resolved": "https://registry.npmjs.org/brototype/-/brototype-0.0.5.tgz",
      "integrity": "sha1-R3WY0t4f+xFqEdWBi3FQlmXnhkY="
    },
    "buttercup": {
      "version": "0.38.1",
      "resolved": "https://registry.npmjs.org/buttercup/-/buttercup-0.38.1.tgz",
      "integrity": "sha1-9CIk3XWsSGgpoCDWzjxMVWZ7o2Q=",
      "requires": {
        "clone": "1.0.2",
        "debug": "2.3.3",
        "gzip-js": "0.3.2",
        "iocane": "0.7.0",
        "node-fetch": "1.6.3",
        "string-hash": "1.1.3",
        "uuid": "2.0.3",
        "verror": "1.9.0",
        "webdav-fs": "0.4.1"
      }
    },
    "buttercup-importer": {
      "version": "0.9.2",
      "resolved": "https://registry.npmjs.org/buttercup-importer/-/buttercup-importer-0.9.2.tgz",
      "integrity": "sha1-8lK9IVYUXrwluczwCdyl8vRmotE=",
      "requires": {
        "buttercup": "0.38.1",
        "csv-parse": "1.2.0",
        "is-dir": "1.0.0",
        "kdbxweb": "1.0.1",
        "pify": "2.3.0",
        "xml2js": "0.4.17"
      }
    },
    "cipher-base": {
      "version": "1.0.3",
      "resolved": "https://registry.npmjs.org/cipher-base/-/cipher-base-1.0.3.tgz",
      "integrity": "sha1-7qvxlEGc6QDaMBjCB9IS8qbfCgc=",
      "requires": {
        "inherits": "2.0.3"
      }
    },
    "clone": {
      "version": "1.0.2",
      "resolved": "https://registry.npmjs.org/clone/-/clone-1.0.2.tgz",
      "integrity": "sha1-Jgt6meux7f4kdTgXX3gyQ8sZ0Uk="
    },
    "combined-stream": {
      "version": "1.0.5",
      "resolved": "https://registry.npmjs.org/combined-stream/-/combined-stream-1.0.5.tgz",
      "integrity": "sha1-k4NwpXtKUd6ix3wV1cX9+JUWQAk=",
      "requires": {
        "delayed-stream": "1.0.0"
      }
    },
    "component-emitter": {
      "version": "1.2.1",
      "resolved": "https://registry.npmjs.org/component-emitter/-/component-emitter-1.2.1.tgz",
      "integrity": "sha1-E3kY1teCg/ffemt8WmPhQOaUJeY="
    },
    "conf": {
      "version": "1.0.0",
      "resolved": "https://registry.npmjs.org/conf/-/conf-1.0.0.tgz",
      "integrity": "sha1-NUcXDTObtNOL9eDobC5a+Xa0f/o=",
      "requires": {
        "dot-prop": "4.1.1",
        "env-paths": "1.0.0",
        "mkdirp": "0.5.1",
        "pkg-up": "1.0.0"
      }
    },
    "cookiejar": {
      "version": "2.0.6",
      "resolved": "https://registry.npmjs.org/cookiejar/-/cookiejar-2.0.6.tgz",
      "integrity": "sha1-Cr81atANHFohnYjURRgEbdAmrP4="
    },
    "core-util-is": {
      "version": "1.0.2",
      "resolved": "https://registry.npmjs.org/core-util-is/-/core-util-is-1.0.2.tgz",
      "integrity": "sha1-tf1UIgqivFq1eqtxQMlAdUUDwac="
    },
    "crc32": {
      "version": "0.2.2",
      "resolved": "https://registry.npmjs.org/crc32/-/crc32-0.2.2.tgz",
      "integrity": "sha1-etIg1v/c0Rn5/BJ6d3LKzqOQpLo="
    },
    "create-hash": {
      "version": "1.1.3",
      "resolved": "https://registry.npmjs.org/create-hash/-/create-hash-1.1.3.tgz",
      "integrity": "sha1-YGBCrIuSYnUPSDyt2rD1gZFy2P0=",
      "requires": {
        "cipher-base": "1.0.3",
        "inherits": "2.0.3",
        "ripemd160": "2.0.1",
        "sha.js": "2.4.8"
      }
    },
    "create-hmac": {
      "version": "1.1.6",
      "resolved": "https://registry.npmjs.org/create-hmac/-/create-hmac-1.1.6.tgz",
      "integrity": "sha1-rLniIaThe9sHbpBlfEK5PjcmzwY=",
      "requires": {
        "cipher-base": "1.0.3",
        "create-hash": "1.1.3",
        "inherits": "2.0.3",
        "ripemd160": "2.0.1",
        "safe-buffer": "5.1.0",
        "sha.js": "2.4.8"
      }
    },
    "csv-parse": {
      "version": "1.2.0",
      "resolved": "https://registry.npmjs.org/csv-parse/-/csv-parse-1.2.0.tgz",
      "integrity": "sha1-BHtzhoq5qFdG6IX2N/ntD7ZFpCU="
    },
    "debug": {
      "version": "2.3.3",
      "resolved": "https://registry.npmjs.org/debug/-/debug-2.3.3.tgz",
      "integrity": "sha1-QMRT5n5uE8kB3ewxeviYbNqe/4w=",
      "requires": {
        "ms": "0.7.2"
      }
    },
    "deepmerge": {
      "version": "1.3.2",
      "resolved": "https://registry.npmjs.org/deepmerge/-/deepmerge-1.3.2.tgz",
      "integrity": "sha1-FmNpFinU2/42T6EqKk8KqGqjoFA="
    },
    "deflate-js": {
      "version": "0.2.3",
      "resolved": "https://registry.npmjs.org/deflate-js/-/deflate-js-0.2.3.tgz",
      "integrity": "sha1-+Fq7WOvFFRowYUdHPVfD5PfkQms="
    },
    "delayed-stream": {
      "version": "1.0.0",
      "resolved": "https://registry.npmjs.org/delayed-stream/-/delayed-stream-1.0.0.tgz",
      "integrity": "sha1-3zrhmayt+31ECqrgsp4icrJOxhk="
    },
    "dot-prop": {
      "version": "4.1.1",
      "resolved": "https://registry.npmjs.org/dot-prop/-/dot-prop-4.1.1.tgz",
      "integrity": "sha1-qEk/C3te7sglJbXHWH+n3nyoWcE=",
      "requires": {
        "is-obj": "1.0.1"
      }
    },
    "dropbox": {
      "version": "2.5.4",
      "resolved": "https://registry.npmjs.org/dropbox/-/dropbox-2.5.4.tgz",
      "integrity": "sha1-UtRDOSvWG7ym6/QTpcHge5+Rq38=",
      "requires": {
        "es6-promise": "3.3.1",
        "superagent": "1.8.5"
      }
    },
    "encoding": {
      "version": "0.1.12",
      "resolved": "https://registry.npmjs.org/encoding/-/encoding-0.1.12.tgz",
      "integrity": "sha1-U4tm8+5izRq1HsMjgp0flIDHS+s=",
      "requires": {
        "iconv-lite": "0.4.18"
      }
    },
    "env-paths": {
      "version": "1.0.0",
      "resolved": "https://registry.npmjs.org/env-paths/-/env-paths-1.0.0.tgz",
      "integrity": "sha1-QWgTO0K7BcOKNbGuQ5fIKYqzaeA="
    },
    "es6-promise": {
      "version": "3.3.1",
      "resolved": "https://registry.npmjs.org/es6-promise/-/es6-promise-3.3.1.tgz",
      "integrity": "sha1-oIzd6EzNvzTQJ6FFG8kdS80ophM="
    },
    "extend": {
      "version": "3.0.0",
      "resolved": "https://registry.npmjs.org/extend/-/extend-3.0.0.tgz",
      "integrity": "sha1-WkdDU7nzNT3dgXbf03uRyDpG8dQ="
    },
    "extsprintf": {
      "version": "1.3.0",
      "resolved": "https://registry.npmjs.org/extsprintf/-/extsprintf-1.3.0.tgz",
      "integrity": "sha1-lpGEQOMEGnpBT4xS48V06zw+HgU="
    },
    "find-up": {
      "version": "1.1.2",
      "resolved": "https://registry.npmjs.org/find-up/-/find-up-1.1.2.tgz",
      "integrity": "sha1-ay6YIrGizgpgq2TWEOzK1TyyTQ8=",
      "requires": {
        "path-exists": "2.1.0",
        "pinkie-promise": "2.0.1"
      }
    },
    "form-data": {
      "version": "1.0.0-rc3",
      "resolved": "https://registry.npmjs.org/form-data/-/form-data-1.0.0-rc3.tgz",
      "integrity": "sha1-01vGLn+8KTeuePlIqqDTjZBgdXc=",
      "requires": {
        "async": "1.5.2",
        "combined-stream": "1.0.5",
        "mime-types": "2.1.15"
      }
    },
    "formidable": {
      "version": "1.0.17",
      "resolved": "https://registry.npmjs.org/formidable/-/formidable-1.0.17.tgz",
      "integrity": "sha1-71SRSQ+UM7cF+qdyScmQKa40hVk="
    },
    "gzip-js": {
      "version": "0.3.2",
      "resolved": "https://registry.npmjs.org/gzip-js/-/gzip-js-0.3.2.tgz",
      "integrity": "sha1-IxF+/usozzhSSN7/Df+tiUg22Ws=",
      "requires": {
        "crc32": "0.2.2",
        "deflate-js": "0.2.3"
      }
    },
    "hash-base": {
      "version": "2.0.2",
      "resolved": "https://registry.npmjs.org/hash-base/-/hash-base-2.0.2.tgz",
      "integrity": "sha1-ZuodhW206KVHDK32/OI65SRO8uE=",
      "requires": {
        "inherits": "2.0.3"
      }
    },
    "hash_file": {
      "version": "0.1.1",
      "resolved": "https://registry.npmjs.org/hash_file/-/hash_file-0.1.1.tgz",
      "integrity": "sha1-MhDoXftO1utkA1HgKkiw0NsyeHg="
    },
    "iconv-lite": {
      "version": "0.4.18",
      "resolved": "https://registry.npmjs.org/iconv-lite/-/iconv-lite-0.4.18.tgz",
      "integrity": "sha512-sr1ZQph3UwHTR0XftSbK85OvBbxe/abLGzEnPENCQwmHf7sck8Oyu4ob3LgBxWWxRoM+QszeUyl7jbqapu2TqA=="
    },
    "inherits": {
      "version": "2.0.3",
      "resolved": "https://registry.npmjs.org/inherits/-/inherits-2.0.3.tgz",
      "integrity": "sha1-Yzwsg+PaQqUC9SRmAiSA9CCCYd4="
    },
    "iocane": {
      "version": "0.7.0",
      "resolved": "https://registry.npmjs.org/iocane/-/iocane-0.7.0.tgz",
      "integrity": "sha1-+DLmGw85ddFO96edt5E0sLAsTKc=",
      "requires": {
        "debug": "2.3.3",
        "hash_file": "0.1.1",
        "pbkdf2": "3.0.12"
      }
    },
    "is-dir": {
      "version": "1.0.0",
      "resolved": "https://registry.npmjs.org/is-dir/-/is-dir-1.0.0.tgz",
      "integrity": "sha1-QdN/SV/MrMBaR3jWboMCTCkro/8="
    },
    "is-obj": {
      "version": "1.0.1",
      "resolved": "https://registry.npmjs.org/is-obj/-/is-obj-1.0.1.tgz",
      "integrity": "sha1-PkcprB9f3gJc19g6iW2rn09n2w8="
    },
    "is-stream": {
      "version": "1.1.0",
      "resolved": "https://registry.npmjs.org/is-stream/-/is-stream-1.1.0.tgz",
      "integrity": "sha1-EtSj3U5o4Lec6428hBc66A2RykQ="
    },
    "isarray": {
      "version": "0.0.1",
      "resolved": "https://registry.npmjs.org/isarray/-/isarray-0.0.1.tgz",
      "integrity": "sha1-ihis/Kmo9Bd+Cav8YDiTmwXR7t8="
    },
    "kdbxweb": {
      "version": "1.0.1",
      "resolved": "https://registry.npmjs.org/kdbxweb/-/kdbxweb-1.0.1.tgz",
      "integrity": "sha1-/i19fXoP4hQ90yainKG/bGLuT0I=",
      "requires": {
        "jssha": "git://github.com/keeweb/jssha.git#1ffad73a7e5ab7158596c090a524f29ca2aee13d",
        "pako": "git://github.com/keeweb/pako.git#653c0b00d8941c89d09ed4546d2179001ec44efc",
        "promise-polyfill": "git://github.com/keeweb/promise-polyfill.git#1a787918fe1a118b53ccf93fcb1e47da51f4950b",
        "text-encoding": "git://github.com/keeweb/text-encoding.git#4dfb7cb0954c222852092f8b06ae4f6b4f60bfbb",
        "xmldom": "git://github.com/keeweb/xmldom.git#ec8f61f723e2f403adaf7a1bbf55ced4ff1ea0c6"
      },
      "dependencies": {
        "jssha": {
          "version": "git://github.com/keeweb/jssha.git#1ffad73a7e5ab7158596c090a524f29ca2aee13d"
        },
        "pako": {
          "version": "git://github.com/keeweb/pako.git#653c0b00d8941c89d09ed4546d2179001ec44efc"
        },
        "promise-polyfill": {
          "version": "git://github.com/keeweb/promise-polyfill.git#1a787918fe1a118b53ccf93fcb1e47da51f4950b"
        },
        "text-encoding": {
          "version": "git://github.com/keeweb/text-encoding.git#4dfb7cb0954c222852092f8b06ae4f6b4f60bfbb"
        },
        "xmldom": {
          "version": "git://github.com/keeweb/xmldom.git#ec8f61f723e2f403adaf7a1bbf55ced4ff1ea0c6"
        }
      }
    },
    "lodash": {
      "version": "4.17.4",
      "resolved": "https://registry.npmjs.org/lodash/-/lodash-4.17.4.tgz",
      "integrity": "sha1-eCA6TRwyiuHYbcpkYONptX9AVa4="
    },
    "methods": {
      "version": "1.1.2",
      "resolved": "https://registry.npmjs.org/methods/-/methods-1.1.2.tgz",
      "integrity": "sha1-VSmk1nZUE07cxSZmVoNbD4Ua/O4="
    },
    "mime": {
      "version": "1.3.4",
      "resolved": "https://registry.npmjs.org/mime/-/mime-1.3.4.tgz",
      "integrity": "sha1-EV+eO2s9rylZmDyzjxSaLUDrXVM="
    },
    "mime-db": {
      "version": "1.27.0",
      "resolved": "https://registry.npmjs.org/mime-db/-/mime-db-1.27.0.tgz",
      "integrity": "sha1-gg9XIpa70g7CXtVeW13oaeVDbrE="
    },
    "mime-types": {
      "version": "2.1.15",
      "resolved": "https://registry.npmjs.org/mime-types/-/mime-types-2.1.15.tgz",
      "integrity": "sha1-pOv1BkCUVpI3uM9wBGd20J/JKu0=",
      "requires": {
        "mime-db": "1.27.0"
      }
    },
    "minimist": {
      "version": "0.0.8",
      "resolved": "https://registry.npmjs.org/minimist/-/minimist-0.0.8.tgz",
      "integrity": "sha1-hX/Kv8M5fSYluCKCYuhqp6ARsF0="
    },
    "mkdirp": {
      "version": "0.5.1",
      "resolved": "https://registry.npmjs.org/mkdirp/-/mkdirp-0.5.1.tgz",
      "integrity": "sha1-MAV0OOrGz3+MR2fzhkjWaX11yQM=",
      "requires": {
        "minimist": "0.0.8"
      }
    },
    "ms": {
      "version": "0.7.2",
      "resolved": "https://registry.npmjs.org/ms/-/ms-0.7.2.tgz",
      "integrity": "sha1-riXPJRKziFodldfwN4aNhDESR2U="
    },
    "node-fetch": {
      "version": "1.6.3",
      "resolved": "https://registry.npmjs.org/node-fetch/-/node-fetch-1.6.3.tgz",
      "integrity": "sha1-3CNO3WSJmC1Y6PDbT2lQKavNjAQ=",
      "requires": {
        "encoding": "0.1.12",
        "is-stream": "1.1.0"
      }
    },
    "path-exists": {
      "version": "2.1.0",
      "resolved": "https://registry.npmjs.org/path-exists/-/path-exists-2.1.0.tgz",
      "integrity": "sha1-D+tsZPD8UY2adU3V77YscCJ2H0s=",
      "requires": {
        "pinkie-promise": "2.0.1"
      }
    },
    "pbkdf2": {
      "version": "3.0.12",
      "resolved": "https://registry.npmjs.org/pbkdf2/-/pbkdf2-3.0.12.tgz",
      "integrity": "sha1-vjZ4XFBn6kjYBv+SMojF91C2uKI=",
      "requires": {
        "create-hash": "1.1.3",
        "create-hmac": "1.1.6",
        "ripemd160": "2.0.1",
        "safe-buffer": "5.1.0",
        "sha.js": "2.4.8"
      }
    },
    "pify": {
      "version": "2.3.0",
      "resolved": "https://registry.npmjs.org/pify/-/pify-2.3.0.tgz",
      "integrity": "sha1-7RQaasBDqEnqWISY59yosVMw6Qw="
    },
    "pinkie": {
      "version": "2.0.4",
      "resolved": "https://registry.npmjs.org/pinkie/-/pinkie-2.0.4.tgz",
      "integrity": "sha1-clVrgM+g1IqXToDnckjoDtT3+HA="
    },
    "pinkie-promise": {
      "version": "2.0.1",
      "resolved": "https://registry.npmjs.org/pinkie-promise/-/pinkie-promise-2.0.1.tgz",
      "integrity": "sha1-ITXW36ejWMBprJsXh3YogihFD/o=",
      "requires": {
        "pinkie": "2.0.4"
      }
    },
    "pkg-up": {
      "version": "1.0.0",
      "resolved": "https://registry.npmjs.org/pkg-up/-/pkg-up-1.0.0.tgz",
      "integrity": "sha1-Pgj7RhUlxEIWJKM7n35tCvWwWiY=",
      "requires": {
        "find-up": "1.1.2"
      }
    },
    "qs": {
      "version": "2.3.3",
      "resolved": "https://registry.npmjs.org/qs/-/qs-2.3.3.tgz",
      "integrity": "sha1-6eha2+ddoLvkyOBHaghikPhjtAQ="
    },
    "readable-stream": {
      "version": "1.0.27-1",
      "resolved": "https://registry.npmjs.org/readable-stream/-/readable-stream-1.0.27-1.tgz",
      "integrity": "sha1-a2eYPCA1fO/QfwFlABoW1xDZEHg=",
      "requires": {
        "core-util-is": "1.0.2",
        "inherits": "2.0.3",
        "isarray": "0.0.1",
        "string_decoder": "0.10.31"
      }
    },
    "reduce-component": {
      "version": "1.0.1",
      "resolved": "https://registry.npmjs.org/reduce-component/-/reduce-component-1.0.1.tgz",
      "integrity": "sha1-4Mk1QsV0UhvqE98PlIjtgqt3xdo="
    },
    "ripemd160": {
      "version": "2.0.1",
      "resolved": "https://registry.npmjs.org/ripemd160/-/ripemd160-2.0.1.tgz",
      "integrity": "sha1-D0WEKVxTo2KK9+bXmsohzlfRxuc=",
      "requires": {
        "hash-base": "2.0.2",
        "inherits": "2.0.3"
      }
    },
    "safe-buffer": {
      "version": "5.1.0",
      "resolved": "https://registry.npmjs.org/safe-buffer/-/safe-buffer-5.1.0.tgz",
      "integrity": "sha512-aSLEDudu6OoRr/2rU609gRmnYboRLxgDG1z9o2Q0os7236FwvcqIOO8r8U5JUEwivZOhDaKlFO4SbPTJYyBEyQ=="
    },
    "sax": {
      "version": "1.2.2",
      "resolved": "https://registry.npmjs.org/sax/-/sax-1.2.2.tgz",
      "integrity": "sha1-/YYxojvHgmvvXYcb24c3jJVkeCg="
    },
    "sha.js": {
      "version": "2.4.8",
      "resolved": "https://registry.npmjs.org/sha.js/-/sha.js-2.4.8.tgz",
      "integrity": "sha1-NwaMLEdra69ALRSknGf1l5IfY08=",
      "requires": {
        "inherits": "2.0.3"
      }
    },
    "streamifier": {
      "version": "0.1.1",
      "resolved": "https://registry.npmjs.org/streamifier/-/streamifier-0.1.1.tgz",
      "integrity": "sha1-l+mNj6TRBdYqJpHR3AfoINuN/E8="
    },
    "string-hash": {
      "version": "1.1.3",
      "resolved": "https://registry.npmjs.org/string-hash/-/string-hash-1.1.3.tgz",
      "integrity": "sha1-6Kr8CsGFW0Zmkp7X3RJ1311sgRs="
    },
    "string_decoder": {
      "version": "0.10.31",
      "resolved": "https://registry.npmjs.org/string_decoder/-/string_decoder-0.10.31.tgz",
      "integrity": "sha1-YuIDvEF2bGwoyfyEMB2rHFMQ+pQ="
    },
    "superagent": {
      "version": "1.8.5",
      "resolved": "https://registry.npmjs.org/superagent/-/superagent-1.8.5.tgz",
      "integrity": "sha1-HA3cOvMOgOuE68BcshItqP6UC1U=",
      "requires": {
        "component-emitter": "1.2.1",
        "cookiejar": "2.0.6",
        "debug": "2.3.3",
        "extend": "3.0.0",
        "form-data": "1.0.0-rc3",
        "formidable": "1.0.17",
        "methods": "1.1.2",
        "mime": "1.3.4",
        "qs": "2.3.3",
        "readable-stream": "1.0.27-1",
        "reduce-component": "1.0.1"
      }
    },
    "uuid": {
      "version": "2.0.3",
      "resolved": "https://registry.npmjs.org/uuid/-/uuid-2.0.3.tgz",
      "integrity": "sha1-Z+LoY3lyFVMN/zGOW/nc6/1Hsho="
    },
    "verror": {
      "version": "1.9.0",
      "resolved": "https://registry.npmjs.org/verror/-/verror-1.9.0.tgz",
      "integrity": "sha1-EHqKLRTDNYb8S7gwBXzS0Zripu4=",
      "requires": {
        "assert-plus": "1.0.0",
        "core-util-is": "1.0.2",
        "extsprintf": "1.3.0"
      }
    },
    "webdav": {
      "version": "0.10.0",
      "resolved": "https://registry.npmjs.org/webdav/-/webdav-0.10.0.tgz",
      "integrity": "sha1-3n9pNRQB7KsjufUHwjXhpHyZ9nc=",
      "requires": {
        "deepmerge": "1.3.2",
        "node-fetch": "1.6.3",
        "xml2js": "0.4.17"
      }
    },
    "webdav-fs": {
      "version": "0.4.1",
      "resolved": "https://registry.npmjs.org/webdav-fs/-/webdav-fs-0.4.1.tgz",
      "integrity": "sha1-IYzaOXj7itbR7YR09bQDa/EBnmw=",
      "requires": {
        "brototype": "0.0.5",
        "node-fetch": "1.6.3",
        "streamifier": "0.1.1",
        "xml2js": "0.4.17"
      }
    },
    "xml2js": {
      "version": "0.4.17",
      "resolved": "https://registry.npmjs.org/xml2js/-/xml2js-0.4.17.tgz",
      "integrity": "sha1-F76T6q4/O3eTWceVtBlwWogX6Gg=",
      "requires": {
        "sax": "1.2.2",
        "xmlbuilder": "4.2.1"
      }
    },
    "xmlbuilder": {
      "version": "4.2.1",
      "resolved": "https://registry.npmjs.org/xmlbuilder/-/xmlbuilder-4.2.1.tgz",
      "integrity": "sha1-qlijBBoGb5DqoWwvU4n/GfP0YaU=",
      "requires": {
        "lodash": "4.17.4"
      }
    },
    "zxcvbn": {
      "version": "4.4.2",
      "resolved": "https://registry.npmjs.org/zxcvbn/-/zxcvbn-4.4.2.tgz",
      "integrity": "sha1-KOwXzwl0PtyrBW3dixsGJizHPDA="
    }
  }
}
